PODS:
  - ChameleonFramework (2.1.0):
    - ChameleonFramework/Default (= 2.1.0)
  - ChameleonFramework/Default (2.1.0)
  - GoogleMaps (2.0.1):
    - GoogleMaps/Maps (= 2.0.1)
  - GoogleMaps/Base (2.0.1)
  - GoogleMaps/Maps (2.0.1):
    - GoogleMaps/Base (= 2.0.1)
  - SWRevealViewController (2.3.0)

DEPENDENCIES:
  - ChameleonFramework (~> 2.1)
  - GoogleMaps
  - SWRevealViewController (~> 2.3)

SPEC CHECKSUMS:
  ChameleonFramework: d21a3cc247abfe5e37609a283a8238b03575cf64
  GoogleMaps: f09da64fc987c1aa29394567c3cab5a3df83c402
  SWRevealViewController: 6d3fd97f70112fd7cef9de14df4260eacce4c63a

PODFILE CHECKSUM: eed689f30b5fdcf5392440e0bd8af5bb3c726448

COCOAPODS: 1.0.1
