PODS:
  - ChameleonFramework (2.1.0):
    - ChameleonFramework/Default (= 2.1.0)
  - ChameleonFramework/Default (2.1.0)
  - GoogleMaps (2.0.1):
    - GoogleMaps/Maps (= 2.0.1)
  - GoogleMaps/Base (2.0.1)
  - GoogleMaps/Maps (2.0.1):
    - GoogleMaps/Base (= 2.0.1)
  - NVActivityIndicatorView (2.10)

DEPENDENCIES:
  - ChameleonFramework (~> 2.1)
  - GoogleMaps
  - NVActivityIndicatorView (~> 2.10)

SPEC CHECKSUMS:
  ChameleonFramework: d21a3cc247abfe5e37609a283a8238b03575cf64
  GoogleMaps: f09da64fc987c1aa29394567c3cab5a3df83c402
  NVActivityIndicatorView: 5568608c3511690a42c4dd02f7a1de4361d670ae

PODFILE CHECKSUM: ec9456fcdd1917c0d4db5e71ae66f355119f4e76

COCOAPODS: 1.0.1
