// !$*UTF8*$!
{
	archiveVersion = 1;
	classes = {
	};
	objectVersion = 46;
	objects = {

/* Begin PBXBuildFile section */
		1B921E3F1D5A5CC700F3E95C /* GeocodingAPI.swift in Sources */ = {isa = PBXBuildFile; fileRef = 1B921E3E1D5A5CC700F3E95C /* GeocodingAPI.swift */; };
		1BAC3F621D58D3520031C3AC /* AppDelegate.swift in Sources */ = {isa = PBXBuildFile; fileRef = 1BAC3F611D58D3520031C3AC /* AppDelegate.swift */; };
		1BAC3F671D58D3520031C3AC /* Main.storyboard in Resources */ = {isa = PBXBuildFile; fileRef = 1BAC3F651D58D3520031C3AC /* Main.storyboard */; };
		1BAC3F6A1D58D3520031C3AC /* Feed_NYC.xcdatamodeld in Sources */ = {isa = PBXBuildFile; fileRef = 1BAC3F681D58D3520031C3AC /* Feed_NYC.xcdatamodeld */; };
		1BAC3F6C1D58D3520031C3AC /* Assets.xcassets in Resources */ = {isa = PBXBuildFile; fileRef = 1BAC3F6B1D58D3520031C3AC /* Assets.xcassets */; };
		1BAC3F6F1D58D3520031C3AC /* LaunchScreen.storyboard in Resources */ = {isa = PBXBuildFile; fileRef = 1BAC3F6D1D58D3520031C3AC /* LaunchScreen.storyboard */; };
		1BB67E181D5A2DE200EEE7AE /* Facility.swift in Sources */ = {isa = PBXBuildFile; fileRef = 1BB67E141D5A2DE200EEE7AE /* Facility.swift */; };
		1BB67E191D5A2DE200EEE7AE /* FacilityDetails.xml in Resources */ = {isa = PBXBuildFile; fileRef = 1BB67E151D5A2DE200EEE7AE /* FacilityDetails.xml */; };
		1BB67E1B1D5A2DE200EEE7AE /* FacilityXMLParser.swift in Sources */ = {isa = PBXBuildFile; fileRef = 1BB67E171D5A2DE200EEE7AE /* FacilityXMLParser.swift */; };
		1BB67E1D1D5A2E0E00EEE7AE /* Secrets.swift in Sources */ = {isa = PBXBuildFile; fileRef = 1BB67E1C1D5A2E0E00EEE7AE /* Secrets.swift */; };
		1BF9B57A1D5A4B52009A60E7 /* DennisStoryboard.storyboard in Resources */ = {isa = PBXBuildFile; fileRef = 1BF9B5791D5A4B52009A60E7 /* DennisStoryboard.storyboard */; };
		1BF9B57E1D5A869D009A60E7 /* FacilityTableViewController.swift in Sources */ = {isa = PBXBuildFile; fileRef = 1BF9B57D1D5A869D009A60E7 /* FacilityTableViewController.swift */; };
		5B6D146B6F52C764D192A85B /* Pods_Feed_NYC.framework in Frameworks */ = {isa = PBXBuildFile; fileRef = FF768363674E49F577DE9A8A /* Pods_Feed_NYC.framework */; };
		78407CBC1D5A3784005EE9C2 /* CenkersStoryboard.storyboard in Resources */ = {isa = PBXBuildFile; fileRef = 78407CBB1D5A3784005EE9C2 /* CenkersStoryboard.storyboard */; };
		78407CC01D5A3888005EE9C2 /* CenkersDetailViewController.swift in Sources */ = {isa = PBXBuildFile; fileRef = 78407CBF1D5A3888005EE9C2 /* CenkersDetailViewController.swift */; };
		BA2A674A1D5A387F0038E23F /* MapViewController.swift in Sources */ = {isa = PBXBuildFile; fileRef = 1BAC3F631D58D3520031C3AC /* MapViewController.swift */; };
		BA44049D1D58DEA40048CB8F /* ContainerViewController.swift in Sources */ = {isa = PBXBuildFile; fileRef = BA44049C1D58DEA40048CB8F /* ContainerViewController.swift */; };
		BA44049F1D58DF0B0048CB8F /* TopViewController.swift in Sources */ = {isa = PBXBuildFile; fileRef = BA44049E1D58DF0B0048CB8F /* TopViewController.swift */; };
		BA4404A11D58DF170048CB8F /* MenuViewController.swift in Sources */ = {isa = PBXBuildFile; fileRef = BA4404A01D58DF170048CB8F /* MenuViewController.swift */; };
		BA4C30D71D5B6E2D00BD8C75 /* FacilityDataStore.swift in Sources */ = {isa = PBXBuildFile; fileRef = BA4C30D61D5B6E2D00BD8C75 /* FacilityDataStore.swift */; };
/* End PBXBuildFile section */

/* Begin PBXFileReference section */
		1B921E3E1D5A5CC700F3E95C /* GeocodingAPI.swift */ = {isa = PBXFileReference; fileEncoding = 4; lastKnownFileType = sourcecode.swift; path = GeocodingAPI.swift; sourceTree = "<group>"; };
		1BAC3F5E1D58D3520031C3AC /* Feed NYC.app */ = {isa = PBXFileReference; explicitFileType = wrapper.application; includeInIndex = 0; path = "Feed NYC.app"; sourceTree = BUILT_PRODUCTS_DIR; };
		1BAC3F611D58D3520031C3AC /* AppDelegate.swift */ = {isa = PBXFileReference; lastKnownFileType = sourcecode.swift; path = AppDelegate.swift; sourceTree = "<group>"; };
		1BAC3F631D58D3520031C3AC /* MapViewController.swift */ = {isa = PBXFileReference; lastKnownFileType = sourcecode.swift; path = MapViewController.swift; sourceTree = "<group>"; };
		1BAC3F661D58D3520031C3AC /* Base */ = {isa = PBXFileReference; lastKnownFileType = file.storyboard; name = Base; path = Base.lproj/Main.storyboard; sourceTree = "<group>"; };
		1BAC3F691D58D3520031C3AC /* Feed_NYC.xcdatamodel */ = {isa = PBXFileReference; lastKnownFileType = wrapper.xcdatamodel; path = Feed_NYC.xcdatamodel; sourceTree = "<group>"; };
		1BAC3F6B1D58D3520031C3AC /* Assets.xcassets */ = {isa = PBXFileReference; lastKnownFileType = folder.assetcatalog; path = Assets.xcassets; sourceTree = "<group>"; };
		1BAC3F6E1D58D3520031C3AC /* Base */ = {isa = PBXFileReference; lastKnownFileType = file.storyboard; name = Base; path = Base.lproj/LaunchScreen.storyboard; sourceTree = "<group>"; };
		1BAC3F701D58D3520031C3AC /* Info.plist */ = {isa = PBXFileReference; lastKnownFileType = text.plist.xml; path = Info.plist; sourceTree = "<group>"; };
		1BB67E141D5A2DE200EEE7AE /* Facility.swift */ = {isa = PBXFileReference; fileEncoding = 4; lastKnownFileType = sourcecode.swift; path = Facility.swift; sourceTree = "<group>"; };
		1BB67E151D5A2DE200EEE7AE /* FacilityDetails.xml */ = {isa = PBXFileReference; fileEncoding = 4; lastKnownFileType = text.xml; path = FacilityDetails.xml; sourceTree = "<group>"; };
		1BB67E171D5A2DE200EEE7AE /* FacilityXMLParser.swift */ = {isa = PBXFileReference; fileEncoding = 4; lastKnownFileType = sourcecode.swift; path = FacilityXMLParser.swift; sourceTree = "<group>"; };
		1BB67E1C1D5A2E0E00EEE7AE /* Secrets.swift */ = {isa = PBXFileReference; fileEncoding = 4; lastKnownFileType = sourcecode.swift; path = Secrets.swift; sourceTree = "<group>"; };
		1BF9B5791D5A4B52009A60E7 /* DennisStoryboard.storyboard */ = {isa = PBXFileReference; fileEncoding = 4; lastKnownFileType = file.storyboard; path = DennisStoryboard.storyboard; sourceTree = "<group>"; };
		1BF9B57D1D5A869D009A60E7 /* FacilityTableViewController.swift */ = {isa = PBXFileReference; fileEncoding = 4; lastKnownFileType = sourcecode.swift; path = FacilityTableViewController.swift; sourceTree = "<group>"; };
		3FC8724A16989CF6927F967D /* Pods-Feed NYC.release.xcconfig */ = {isa = PBXFileReference; includeInIndex = 1; lastKnownFileType = text.xcconfig; name = "Pods-Feed NYC.release.xcconfig"; path = "Pods/Target Support Files/Pods-Feed NYC/Pods-Feed NYC.release.xcconfig"; sourceTree = "<group>"; };
		51B40F90EBFF5AD8382BB20B /* Pods-Feed NYC.debug.xcconfig */ = {isa = PBXFileReference; includeInIndex = 1; lastKnownFileType = text.xcconfig; name = "Pods-Feed NYC.debug.xcconfig"; path = "Pods/Target Support Files/Pods-Feed NYC/Pods-Feed NYC.debug.xcconfig"; sourceTree = "<group>"; };
		78407CBB1D5A3784005EE9C2 /* CenkersStoryboard.storyboard */ = {isa = PBXFileReference; fileEncoding = 4; lastKnownFileType = file.storyboard; path = CenkersStoryboard.storyboard; sourceTree = "<group>"; };
		78407CBF1D5A3888005EE9C2 /* CenkersDetailViewController.swift */ = {isa = PBXFileReference; fileEncoding = 4; lastKnownFileType = sourcecode.swift; path = CenkersDetailViewController.swift; sourceTree = "<group>"; };
		BA44049C1D58DEA40048CB8F /* ContainerViewController.swift */ = {isa = PBXFileReference; fileEncoding = 4; lastKnownFileType = sourcecode.swift; path = ContainerViewController.swift; sourceTree = "<group>"; };
		BA44049E1D58DF0B0048CB8F /* TopViewController.swift */ = {isa = PBXFileReference; fileEncoding = 4; lastKnownFileType = sourcecode.swift; path = TopViewController.swift; sourceTree = "<group>"; };
		BA4404A01D58DF170048CB8F /* MenuViewController.swift */ = {isa = PBXFileReference; fileEncoding = 4; lastKnownFileType = sourcecode.swift; path = MenuViewController.swift; sourceTree = "<group>"; };
		BA4C30D61D5B6E2D00BD8C75 /* FacilityDataStore.swift */ = {isa = PBXFileReference; fileEncoding = 4; lastKnownFileType = sourcecode.swift; path = FacilityDataStore.swift; sourceTree = "<group>"; };
		FF768363674E49F577DE9A8A /* Pods_Feed_NYC.framework */ = {isa = PBXFileReference; explicitFileType = wrapper.framework; includeInIndex = 0; path = Pods_Feed_NYC.framework; sourceTree = BUILT_PRODUCTS_DIR; };
/* End PBXFileReference section */

/* Begin PBXFrameworksBuildPhase section */
		1BAC3F5B1D58D3520031C3AC /* Frameworks */ = {
			isa = PBXFrameworksBuildPhase;
			buildActionMask = 2147483647;
			files = (
				5B6D146B6F52C764D192A85B /* Pods_Feed_NYC.framework in Frameworks */,
			);
			runOnlyForDeploymentPostprocessing = 0;
		};
/* End PBXFrameworksBuildPhase section */

/* Begin PBXGroup section */
		1BAC3F551D58D3520031C3AC = {
			isa = PBXGroup;
			children = (
				1BAC3F601D58D3520031C3AC /* Feed NYC */,
				1BAC3F5F1D58D3520031C3AC /* Products */,
				D81B2433BCC90B912B0D7A66 /* Pods */,
				CFE8485110F7E9A75CC2539E /* Frameworks */,
			);
			sourceTree = "<group>";
		};
		1BAC3F5F1D58D3520031C3AC /* Products */ = {
			isa = PBXGroup;
			children = (
				1BAC3F5E1D58D3520031C3AC /* Feed NYC.app */,
			);
			name = Products;
			sourceTree = "<group>";
		};
		1BAC3F601D58D3520031C3AC /* Feed NYC */ = {
			isa = PBXGroup;
			children = (
				1B921E3E1D5A5CC700F3E95C /* GeocodingAPI.swift */,
				1BAC3F611D58D3520031C3AC /* AppDelegate.swift */,
				1BB67E141D5A2DE200EEE7AE /* Facility.swift */,
				BA4C30D61D5B6E2D00BD8C75 /* FacilityDataStore.swift */,
				1BB67E171D5A2DE200EEE7AE /* FacilityXMLParser.swift */,
				BA44049E1D58DF0B0048CB8F /* TopViewController.swift */,
				1BAC3F631D58D3520031C3AC /* MapViewController.swift */,
				BA4404A01D58DF170048CB8F /* MenuViewController.swift */,
				BA44049C1D58DEA40048CB8F /* ContainerViewController.swift */,
				78407CBF1D5A3888005EE9C2 /* CenkersDetailViewController.swift */,
				1BF9B57D1D5A869D009A60E7 /* FacilityTableViewController.swift */,
				78407CBB1D5A3784005EE9C2 /* CenkersStoryboard.storyboard */,
				1BF9B5791D5A4B52009A60E7 /* DennisStoryboard.storyboard */,
				1BAC3F651D58D3520031C3AC /* Main.storyboard */,
				1BAC3F6B1D58D3520031C3AC /* Assets.xcassets */,
				1BAC3F6D1D58D3520031C3AC /* LaunchScreen.storyboard */,
				1BB67E151D5A2DE200EEE7AE /* FacilityDetails.xml */,
				1BAC3F701D58D3520031C3AC /* Info.plist */,
				1BB67E1C1D5A2E0E00EEE7AE /* Secrets.swift */,
				1BAC3F681D58D3520031C3AC /* Feed_NYC.xcdatamodeld */,
			);
			path = "Feed NYC";
			sourceTree = "<group>";
		};
		CFE8485110F7E9A75CC2539E /* Frameworks */ = {
			isa = PBXGroup;
			children = (
				FF768363674E49F577DE9A8A /* Pods_Feed_NYC.framework */,
			);
			name = Frameworks;
			sourceTree = "<group>";
		};
		D81B2433BCC90B912B0D7A66 /* Pods */ = {
			isa = PBXGroup;
			children = (
				51B40F90EBFF5AD8382BB20B /* Pods-Feed NYC.debug.xcconfig */,
				3FC8724A16989CF6927F967D /* Pods-Feed NYC.release.xcconfig */,
			);
			name = Pods;
			sourceTree = "<group>";
		};
/* End PBXGroup section */

/* Begin PBXNativeTarget section */
		1BAC3F5D1D58D3520031C3AC /* Feed NYC */ = {
			isa = PBXNativeTarget;
			buildConfigurationList = 1BAC3F731D58D3520031C3AC /* Build configuration list for PBXNativeTarget "Feed NYC" */;
			buildPhases = (
				BAA9EFEFE935629FC8B997E9 /* [CP] Check Pods Manifest.lock */,
				1BAC3F5A1D58D3520031C3AC /* Sources */,
				1BAC3F5B1D58D3520031C3AC /* Frameworks */,
				1BAC3F5C1D58D3520031C3AC /* Resources */,
				78FF9414B05EAEEFBC395732 /* [CP] Embed Pods Frameworks */,
				F7FB1DAFEB4DBF8AA9DF77DF /* [CP] Copy Pods Resources */,
			);
			buildRules = (
			);
			dependencies = (
			);
			name = "Feed NYC";
			productName = "Feed NYC";
			productReference = 1BAC3F5E1D58D3520031C3AC /* Feed NYC.app */;
			productType = "com.apple.product-type.application";
		};
/* End PBXNativeTarget section */

/* Begin PBXProject section */
		1BAC3F561D58D3520031C3AC /* Project object */ = {
			isa = PBXProject;
			attributes = {
				LastSwiftUpdateCheck = 0730;
				LastUpgradeCheck = 0730;
				ORGANIZATIONNAME = "Flatiron School";
				TargetAttributes = {
					1BAC3F5D1D58D3520031C3AC = {
						CreatedOnToolsVersion = 7.3.1;
					};
				};
			};
			buildConfigurationList = 1BAC3F591D58D3520031C3AC /* Build configuration list for PBXProject "Feed NYC" */;
			compatibilityVersion = "Xcode 3.2";
			developmentRegion = English;
			hasScannedForEncodings = 0;
			knownRegions = (
				en,
				Base,
			);
			mainGroup = 1BAC3F551D58D3520031C3AC;
			productRefGroup = 1BAC3F5F1D58D3520031C3AC /* Products */;
			projectDirPath = "";
			projectRoot = "";
			targets = (
				1BAC3F5D1D58D3520031C3AC /* Feed NYC */,
			);
		};
/* End PBXProject section */

/* Begin PBXResourcesBuildPhase section */
		1BAC3F5C1D58D3520031C3AC /* Resources */ = {
			isa = PBXResourcesBuildPhase;
			buildActionMask = 2147483647;
			files = (
				1BAC3F6F1D58D3520031C3AC /* LaunchScreen.storyboard in Resources */,
				1BB67E191D5A2DE200EEE7AE /* FacilityDetails.xml in Resources */,
				1BF9B57A1D5A4B52009A60E7 /* DennisStoryboard.storyboard in Resources */,
				1BAC3F6C1D58D3520031C3AC /* Assets.xcassets in Resources */,
				1BAC3F671D58D3520031C3AC /* Main.storyboard in Resources */,
				78407CBC1D5A3784005EE9C2 /* CenkersStoryboard.storyboard in Resources */,
			);
			runOnlyForDeploymentPostprocessing = 0;
		};
/* End PBXResourcesBuildPhase section */

/* Begin PBXShellScriptBuildPhase section */
		78FF9414B05EAEEFBC395732 /* [CP] Embed Pods Frameworks */ = {
			isa = PBXShellScriptBuildPhase;
			buildActionMask = 2147483647;
			files = (
			);
			inputPaths = (
			);
			name = "[CP] Embed Pods Frameworks";
			outputPaths = (
			);
			runOnlyForDeploymentPostprocessing = 0;
			shellPath = /bin/sh;
			shellScript = "\"${SRCROOT}/Pods/Target Support Files/Pods-Feed NYC/Pods-Feed NYC-frameworks.sh\"\n";
			showEnvVarsInLog = 0;
		};
		BAA9EFEFE935629FC8B997E9 /* [CP] Check Pods Manifest.lock */ = {
			isa = PBXShellScriptBuildPhase;
			buildActionMask = 2147483647;
			files = (
			);
			inputPaths = (
			);
			name = "[CP] Check Pods Manifest.lock";
			outputPaths = (
			);
			runOnlyForDeploymentPostprocessing = 0;
			shellPath = /bin/sh;
			shellScript = "diff \"${PODS_ROOT}/../Podfile.lock\" \"${PODS_ROOT}/Manifest.lock\" > /dev/null\nif [[ $? != 0 ]] ; then\n    cat << EOM\nerror: The sandbox is not in sync with the Podfile.lock. Run 'pod install' or update your CocoaPods installation.\nEOM\n    exit 1\nfi\n";
			showEnvVarsInLog = 0;
		};
		F7FB1DAFEB4DBF8AA9DF77DF /* [CP] Copy Pods Resources */ = {
			isa = PBXShellScriptBuildPhase;
			buildActionMask = 2147483647;
			files = (
			);
			inputPaths = (
			);
			name = "[CP] Copy Pods Resources";
			outputPaths = (
			);
			runOnlyForDeploymentPostprocessing = 0;
			shellPath = /bin/sh;
			shellScript = "\"${SRCROOT}/Pods/Target Support Files/Pods-Feed NYC/Pods-Feed NYC-resources.sh\"\n";
			showEnvVarsInLog = 0;
		};
/* End PBXShellScriptBuildPhase section */

/* Begin PBXSourcesBuildPhase section */
		1BAC3F5A1D58D3520031C3AC /* Sources */ = {
			isa = PBXSourcesBuildPhase;
			buildActionMask = 2147483647;
			files = (
				BA2A674A1D5A387F0038E23F /* MapViewController.swift in Sources */,
				78407CC01D5A3888005EE9C2 /* CenkersDetailViewController.swift in Sources */,
				1BB67E1D1D5A2E0E00EEE7AE /* Secrets.swift in Sources */,
				1BF9B57E1D5A869D009A60E7 /* FacilityTableViewController.swift in Sources */,
				BA4404A11D58DF170048CB8F /* MenuViewController.swift in Sources */,
				1BB67E1B1D5A2DE200EEE7AE /* FacilityXMLParser.swift in Sources */,
				1BAC3F621D58D3520031C3AC /* AppDelegate.swift in Sources */,
				BA44049D1D58DEA40048CB8F /* ContainerViewController.swift in Sources */,
				1B921E3F1D5A5CC700F3E95C /* GeocodingAPI.swift in Sources */,
				1BAC3F6A1D58D3520031C3AC /* Feed_NYC.xcdatamodeld in Sources */,
				BA44049F1D58DF0B0048CB8F /* TopViewController.swift in Sources */,
				BA4C30D71D5B6E2D00BD8C75 /* FacilityDataStore.swift in Sources */,
				1BB67E181D5A2DE200EEE7AE /* Facility.swift in Sources */,
			);
			runOnlyForDeploymentPostprocessing = 0;
		};
/* End PBXSourcesBuildPhase section */

/* Begin PBXVariantGroup section */
		1BAC3F651D58D3520031C3AC /* Main.storyboard */ = {
			isa = PBXVariantGroup;
			children = (
				1BAC3F661D58D3520031C3AC /* Base */,
			);
			name = Main.storyboard;
			sourceTree = "<group>";
		};
		1BAC3F6D1D58D3520031C3AC /* LaunchScreen.storyboard */ = {
			isa = PBXVariantGroup;
			children = (
				1BAC3F6E1D58D3520031C3AC /* Base */,
			);
			name = LaunchScreen.storyboard;
			sourceTree = "<group>";
		};
/* End PBXVariantGroup section */

/* Begin XCBuildConfiguration section */
		1BAC3F711D58D3520031C3AC /* Debug */ = {
			isa = XCBuildConfiguration;
			buildSettings = {
				ALWAYS_SEARCH_USER_PATHS = NO;
				CLANG_ANALYZER_NONNULL = YES;
				CLANG_CXX_LANGUAGE_STANDARD = "gnu++0x";
				CLANG_CXX_LIBRARY = "libc++";
				CLANG_ENABLE_MODULES = YES;
				CLANG_ENABLE_OBJC_ARC = YES;
				CLANG_WARN_BOOL_CONVERSION = YES;
				CLANG_WARN_CONSTANT_CONVERSION = YES;
				CLANG_WARN_DIRECT_OBJC_ISA_USAGE = YES_ERROR;
				CLANG_WARN_EMPTY_BODY = YES;
				CLANG_WARN_ENUM_CONVERSION = YES;
				CLANG_WARN_INT_CONVERSION = YES;
				CLANG_WARN_OBJC_ROOT_CLASS = YES_ERROR;
				CLANG_WARN_UNREACHABLE_CODE = YES;
				CLANG_WARN__DUPLICATE_METHOD_MATCH = YES;
				"CODE_SIGN_IDENTITY[sdk=iphoneos*]" = "iPhone Developer";
				COPY_PHASE_STRIP = NO;
				DEBUG_INFORMATION_FORMAT = dwarf;
				ENABLE_STRICT_OBJC_MSGSEND = YES;
				ENABLE_TESTABILITY = YES;
				GCC_C_LANGUAGE_STANDARD = gnu99;
				GCC_DYNAMIC_NO_PIC = NO;
				GCC_NO_COMMON_BLOCKS = YES;
				GCC_OPTIMIZATION_LEVEL = 0;
				GCC_PREPROCESSOR_DEFINITIONS = (
					"DEBUG=1",
					"$(inherited)",
				);
				GCC_WARN_64_TO_32_BIT_CONVERSION = YES;
				GCC_WARN_ABOUT_RETURN_TYPE = YES_ERROR;
				GCC_WARN_UNDECLARED_SELECTOR = YES;
				GCC_WARN_UNINITIALIZED_AUTOS = YES_AGGRESSIVE;
				GCC_WARN_UNUSED_FUNCTION = YES;
				GCC_WARN_UNUSED_VARIABLE = YES;
				IPHONEOS_DEPLOYMENT_TARGET = 9.3;
				MTL_ENABLE_DEBUG_INFO = YES;
				ONLY_ACTIVE_ARCH = YES;
				SDKROOT = iphoneos;
				SWIFT_OPTIMIZATION_LEVEL = "-Onone";
				TARGETED_DEVICE_FAMILY = "1,2";
			};
			name = Debug;
		};
		1BAC3F721D58D3520031C3AC /* Release */ = {
			isa = XCBuildConfiguration;
			buildSettings = {
				ALWAYS_SEARCH_USER_PATHS = NO;
				CLANG_ANALYZER_NONNULL = YES;
				CLANG_CXX_LANGUAGE_STANDARD = "gnu++0x";
				CLANG_CXX_LIBRARY = "libc++";
				CLANG_ENABLE_MODULES = YES;
				CLANG_ENABLE_OBJC_ARC = YES;
				CLANG_WARN_BOOL_CONVERSION = YES;
				CLANG_WARN_CONSTANT_CONVERSION = YES;
				CLANG_WARN_DIRECT_OBJC_ISA_USAGE = YES_ERROR;
				CLANG_WARN_EMPTY_BODY = YES;
				CLANG_WARN_ENUM_CONVERSION = YES;
				CLANG_WARN_INT_CONVERSION = YES;
				CLANG_WARN_OBJC_ROOT_CLASS = YES_ERROR;
				CLANG_WARN_UNREACHABLE_CODE = YES;
				CLANG_WARN__DUPLICATE_METHOD_MATCH = YES;
				"CODE_SIGN_IDENTITY[sdk=iphoneos*]" = "iPhone Developer";
				COPY_PHASE_STRIP = NO;
				DEBUG_INFORMATION_FORMAT = "dwarf-with-dsym";
				ENABLE_NS_ASSERTIONS = NO;
				ENABLE_STRICT_OBJC_MSGSEND = YES;
				GCC_C_LANGUAGE_STANDARD = gnu99;
				GCC_NO_COMMON_BLOCKS = YES;
				GCC_WARN_64_TO_32_BIT_CONVERSION = YES;
				GCC_WARN_ABOUT_RETURN_TYPE = YES_ERROR;
				GCC_WARN_UNDECLARED_SELECTOR = YES;
				GCC_WARN_UNINITIALIZED_AUTOS = YES_AGGRESSIVE;
				GCC_WARN_UNUSED_FUNCTION = YES;
				GCC_WARN_UNUSED_VARIABLE = YES;
				IPHONEOS_DEPLOYMENT_TARGET = 9.3;
				MTL_ENABLE_DEBUG_INFO = NO;
				SDKROOT = iphoneos;
				TARGETED_DEVICE_FAMILY = "1,2";
				VALIDATE_PRODUCT = YES;
			};
			name = Release;
		};
		1BAC3F741D58D3520031C3AC /* Debug */ = {
			isa = XCBuildConfiguration;
			baseConfigurationReference = 51B40F90EBFF5AD8382BB20B /* Pods-Feed NYC.debug.xcconfig */;
			buildSettings = {
				ASSETCATALOG_COMPILER_APPICON_NAME = AppIcon;
				CODE_SIGN_IDENTITY = "iPhone Developer";
				"CODE_SIGN_IDENTITY[sdk=iphoneos*]" = "iPhone Developer";
				INFOPLIST_FILE = "Feed NYC/Info.plist";
				LD_RUNPATH_SEARCH_PATHS = "$(inherited) @executable_path/Frameworks";
				PRODUCT_BUNDLE_IDENTIFIER = "com.flatironschool.Feed-NYC";
				PRODUCT_NAME = "$(TARGET_NAME)";
				PROVISIONING_PROFILE = "";
			};
			name = Debug;
		};
		1BAC3F751D58D3520031C3AC /* Release */ = {
			isa = XCBuildConfiguration;
			baseConfigurationReference = 3FC8724A16989CF6927F967D /* Pods-Feed NYC.release.xcconfig */;
			buildSettings = {
				ASSETCATALOG_COMPILER_APPICON_NAME = AppIcon;
				CODE_SIGN_IDENTITY = "iPhone Developer";
				"CODE_SIGN_IDENTITY[sdk=iphoneos*]" = "iPhone Developer";
				INFOPLIST_FILE = "Feed NYC/Info.plist";
				LD_RUNPATH_SEARCH_PATHS = "$(inherited) @executable_path/Frameworks";
				PRODUCT_BUNDLE_IDENTIFIER = "com.flatironschool.Feed-NYC";
				PRODUCT_NAME = "$(TARGET_NAME)";
				PROVISIONING_PROFILE = "";
			};
			name = Release;
		};
/* End XCBuildConfiguration section */

/* Begin XCConfigurationList section */
		1BAC3F591D58D3520031C3AC /* Build configuration list for PBXProject "Feed NYC" */ = {
			isa = XCConfigurationList;
			buildConfigurations = (
				1BAC3F711D58D3520031C3AC /* Debug */,
				1BAC3F721D58D3520031C3AC /* Release */,
			);
			defaultConfigurationIsVisible = 0;
			defaultConfigurationName = Release;
		};
		1BAC3F731D58D3520031C3AC /* Build configuration list for PBXNativeTarget "Feed NYC" */ = {
			isa = XCConfigurationList;
			buildConfigurations = (
				1BAC3F741D58D3520031C3AC /* Debug */,
				1BAC3F751D58D3520031C3AC /* Release */,
			);
			defaultConfigurationIsVisible = 0;
			defaultConfigurationName = Release;
		};
/* End XCConfigurationList section */

/* Begin XCVersionGroup section */
		1BAC3F681D58D3520031C3AC /* Feed_NYC.xcdatamodeld */ = {
			isa = XCVersionGroup;
			children = (
				1BAC3F691D58D3520031C3AC /* Feed_NYC.xcdatamodel */,
			);
			currentVersion = 1BAC3F691D58D3520031C3AC /* Feed_NYC.xcdatamodel */;
			path = Feed_NYC.xcdatamodeld;
			sourceTree = "<group>";
			versionGroupType = wrapper.xcdatamodel;
		};
/* End XCVersionGroup section */
	};
	rootObject = 1BAC3F561D58D3520031C3AC /* Project object */;
}
