// !$*UTF8*$!
{
	archiveVersion = 1;
	classes = {
	};
	objectVersion = 46;
	objects = {

/* Begin PBXBuildFile section */
		1BF104F11D53D54D00FE04F5 /* AppDelegate.swift in Sources */ = {isa = PBXBuildFile; fileRef = 1BF104F01D53D54D00FE04F5 /* AppDelegate.swift */; };
		1BF104F31D53D54D00FE04F5 /* ViewController.swift in Sources */ = {isa = PBXBuildFile; fileRef = 1BF104F21D53D54D00FE04F5 /* ViewController.swift */; };
		1BF104F61D53D54D00FE04F5 /* Main.storyboard in Resources */ = {isa = PBXBuildFile; fileRef = 1BF104F41D53D54D00FE04F5 /* Main.storyboard */; };
		1BF104F91D53D54D00FE04F5 /* Granted.xcdatamodeld in Sources */ = {isa = PBXBuildFile; fileRef = 1BF104F71D53D54D00FE04F5 /* Granted.xcdatamodeld */; };
		1BF104FB1D53D54D00FE04F5 /* Assets.xcassets in Resources */ = {isa = PBXBuildFile; fileRef = 1BF104FA1D53D54D00FE04F5 /* Assets.xcassets */; };
		1BF104FE1D53D54D00FE04F5 /* LaunchScreen.storyboard in Resources */ = {isa = PBXBuildFile; fileRef = 1BF104FC1D53D54D00FE04F5 /* LaunchScreen.storyboard */; };
		1BF1050C1D53D91E00FE04F5 /* Secrets.swift in Sources */ = {isa = PBXBuildFile; fileRef = 1BF1050B1D53D91E00FE04F5 /* Secrets.swift */; };
		7EFE93CBCC179CEB083EAD88 /* Pods_Granted.framework in Frameworks */ = {isa = PBXBuildFile; fileRef = 66FB3D792AED5AE053634662 /* Pods_Granted.framework */; };
/* End PBXBuildFile section */

/* Begin PBXFileReference section */
		1BF104ED1D53D54D00FE04F5 /* Granted.app */ = {isa = PBXFileReference; explicitFileType = wrapper.application; includeInIndex = 0; path = Granted.app; sourceTree = BUILT_PRODUCTS_DIR; };
		1BF104F01D53D54D00FE04F5 /* AppDelegate.swift */ = {isa = PBXFileReference; lastKnownFileType = sourcecode.swift; path = AppDelegate.swift; sourceTree = "<group>"; };
		1BF104F21D53D54D00FE04F5 /* ViewController.swift */ = {isa = PBXFileReference; lastKnownFileType = sourcecode.swift; path = ViewController.swift; sourceTree = "<group>"; };
		1BF104F51D53D54D00FE04F5 /* Base */ = {isa = PBXFileReference; lastKnownFileType = file.storyboard; name = Base; path = Base.lproj/Main.storyboard; sourceTree = "<group>"; };
		1BF104F81D53D54D00FE04F5 /* Granted.xcdatamodel */ = {isa = PBXFileReference; lastKnownFileType = wrapper.xcdatamodel; path = Granted.xcdatamodel; sourceTree = "<group>"; };
		1BF104FA1D53D54D00FE04F5 /* Assets.xcassets */ = {isa = PBXFileReference; lastKnownFileType = folder.assetcatalog; path = Assets.xcassets; sourceTree = "<group>"; };
		1BF104FD1D53D54D00FE04F5 /* Base */ = {isa = PBXFileReference; lastKnownFileType = file.storyboard; name = Base; path = Base.lproj/LaunchScreen.storyboard; sourceTree = "<group>"; };
		1BF104FF1D53D54D00FE04F5 /* Info.plist */ = {isa = PBXFileReference; lastKnownFileType = text.plist.xml; path = Info.plist; sourceTree = "<group>"; };
		1BF1050B1D53D91E00FE04F5 /* Secrets.swift */ = {isa = PBXFileReference; fileEncoding = 4; lastKnownFileType = sourcecode.swift; path = Secrets.swift; sourceTree = "<group>"; };
		4EE641B2A04AFDAD42998F80 /* Pods-Granted.debug.xcconfig */ = {isa = PBXFileReference; includeInIndex = 1; lastKnownFileType = text.xcconfig; name = "Pods-Granted.debug.xcconfig"; path = "Pods/Target Support Files/Pods-Granted/Pods-Granted.debug.xcconfig"; sourceTree = "<group>"; };
		66FB3D792AED5AE053634662 /* Pods_Granted.framework */ = {isa = PBXFileReference; explicitFileType = wrapper.framework; includeInIndex = 0; path = Pods_Granted.framework; sourceTree = BUILT_PRODUCTS_DIR; };
		695981D506D832888EF64021 /* Pods-Granted.release.xcconfig */ = {isa = PBXFileReference; includeInIndex = 1; lastKnownFileType = text.xcconfig; name = "Pods-Granted.release.xcconfig"; path = "Pods/Target Support Files/Pods-Granted/Pods-Granted.release.xcconfig"; sourceTree = "<group>"; };
/* End PBXFileReference section */

/* Begin PBXFrameworksBuildPhase section */
		1BF104EA1D53D54D00FE04F5 /* Frameworks */ = {
			isa = PBXFrameworksBuildPhase;
			buildActionMask = 2147483647;
			files = (
				7EFE93CBCC179CEB083EAD88 /* Pods_Granted.framework in Frameworks */,
			);
			runOnlyForDeploymentPostprocessing = 0;
		};
/* End PBXFrameworksBuildPhase section */

/* Begin PBXGroup section */
		1BF104E41D53D54C00FE04F5 = {
			isa = PBXGroup;
			children = (
				1BF104EF1D53D54D00FE04F5 /* Granted */,
				1BF104EE1D53D54D00FE04F5 /* Products */,
				EF97858D3DF2D817AA696363 /* Pods */,
				6261D5C150FCD06BF8BD92A2 /* Frameworks */,
			);
			sourceTree = "<group>";
		};
		1BF104EE1D53D54D00FE04F5 /* Products */ = {
			isa = PBXGroup;
			children = (
				1BF104ED1D53D54D00FE04F5 /* Granted.app */,
			);
			name = Products;
			sourceTree = "<group>";
		};
		1BF104EF1D53D54D00FE04F5 /* Granted */ = {
			isa = PBXGroup;
			children = (
				1BF1050B1D53D91E00FE04F5 /* Secrets.swift */,
				1BF104F01D53D54D00FE04F5 /* AppDelegate.swift */,
				1BF104F21D53D54D00FE04F5 /* ViewController.swift */,
				1BF104F41D53D54D00FE04F5 /* Main.storyboard */,
				1BF104FA1D53D54D00FE04F5 /* Assets.xcassets */,
				1BF104FC1D53D54D00FE04F5 /* LaunchScreen.storyboard */,
				1BF104FF1D53D54D00FE04F5 /* Info.plist */,
				1BF104F71D53D54D00FE04F5 /* Granted.xcdatamodeld */,
			);
			path = Granted;
			sourceTree = "<group>";
		};
		6261D5C150FCD06BF8BD92A2 /* Frameworks */ = {
			isa = PBXGroup;
			children = (
				66FB3D792AED5AE053634662 /* Pods_Granted.framework */,
			);
			name = Frameworks;
			sourceTree = "<group>";
		};
		EF97858D3DF2D817AA696363 /* Pods */ = {
			isa = PBXGroup;
			children = (
				4EE641B2A04AFDAD42998F80 /* Pods-Granted.debug.xcconfig */,
				695981D506D832888EF64021 /* Pods-Granted.release.xcconfig */,
			);
			name = Pods;
			sourceTree = "<group>";
		};
/* End PBXGroup section */

/* Begin PBXNativeTarget section */
		1BF104EC1D53D54D00FE04F5 /* Granted */ = {
			isa = PBXNativeTarget;
			buildConfigurationList = 1BF105021D53D54D00FE04F5 /* Build configuration list for PBXNativeTarget "Granted" */;
			buildPhases = (
				E0B416F234F3A8103090EB0B /* 📦 Check Pods Manifest.lock */,
				1BF104E91D53D54D00FE04F5 /* Sources */,
				1BF104EA1D53D54D00FE04F5 /* Frameworks */,
				1BF104EB1D53D54D00FE04F5 /* Resources */,
				C5E96618F6B3EF3F7575D74F /* 📦 Embed Pods Frameworks */,
				9EF474BB24D984A987306D7E /* 📦 Copy Pods Resources */,
			);
			buildRules = (
			);
			dependencies = (
			);
			name = Granted;
			productName = Granted;
			productReference = 1BF104ED1D53D54D00FE04F5 /* Granted.app */;
			productType = "com.apple.product-type.application";
		};
/* End PBXNativeTarget section */

/* Begin PBXProject section */
		1BF104E51D53D54C00FE04F5 /* Project object */ = {
			isa = PBXProject;
			attributes = {
				LastSwiftUpdateCheck = 0730;
				LastUpgradeCheck = 0730;
				ORGANIZATIONNAME = "Flatiron School";
				TargetAttributes = {
					1BF104EC1D53D54D00FE04F5 = {
						CreatedOnToolsVersion = 7.3.1;
						DevelopmentTeam = JZ89B42673;
					};
				};
			};
			buildConfigurationList = 1BF104E81D53D54C00FE04F5 /* Build configuration list for PBXProject "Granted" */;
			compatibilityVersion = "Xcode 3.2";
			developmentRegion = English;
			hasScannedForEncodings = 0;
			knownRegions = (
				en,
				Base,
			);
			mainGroup = 1BF104E41D53D54C00FE04F5;
			productRefGroup = 1BF104EE1D53D54D00FE04F5 /* Products */;
			projectDirPath = "";
			projectRoot = "";
			targets = (
				1BF104EC1D53D54D00FE04F5 /* Granted */,
			);
		};
/* End PBXProject section */

/* Begin PBXResourcesBuildPhase section */
		1BF104EB1D53D54D00FE04F5 /* Resources */ = {
			isa = PBXResourcesBuildPhase;
			buildActionMask = 2147483647;
			files = (
				1BF104FE1D53D54D00FE04F5 /* LaunchScreen.storyboard in Resources */,
				1BF104FB1D53D54D00FE04F5 /* Assets.xcassets in Resources */,
				1BF104F61D53D54D00FE04F5 /* Main.storyboard in Resources */,
			);
			runOnlyForDeploymentPostprocessing = 0;
		};
/* End PBXResourcesBuildPhase section */

/* Begin PBXShellScriptBuildPhase section */
		9EF474BB24D984A987306D7E /* 📦 Copy Pods Resources */ = {
			isa = PBXShellScriptBuildPhase;
			buildActionMask = 2147483647;
			files = (
			);
			inputPaths = (
			);
			name = "📦 Copy Pods Resources";
			outputPaths = (
			);
			runOnlyForDeploymentPostprocessing = 0;
			shellPath = /bin/sh;
			shellScript = "\"${SRCROOT}/Pods/Target Support Files/Pods-Granted/Pods-Granted-resources.sh\"\n";
			showEnvVarsInLog = 0;
		};
		C5E96618F6B3EF3F7575D74F /* 📦 Embed Pods Frameworks */ = {
			isa = PBXShellScriptBuildPhase;
			buildActionMask = 2147483647;
			files = (
			);
			inputPaths = (
			);
			name = "📦 Embed Pods Frameworks";
			outputPaths = (
			);
			runOnlyForDeploymentPostprocessing = 0;
			shellPath = /bin/sh;
			shellScript = "\"${SRCROOT}/Pods/Target Support Files/Pods-Granted/Pods-Granted-frameworks.sh\"\n";
			showEnvVarsInLog = 0;
		};
		E0B416F234F3A8103090EB0B /* 📦 Check Pods Manifest.lock */ = {
			isa = PBXShellScriptBuildPhase;
			buildActionMask = 2147483647;
			files = (
			);
			inputPaths = (
			);
			name = "📦 Check Pods Manifest.lock";
			outputPaths = (
			);
			runOnlyForDeploymentPostprocessing = 0;
			shellPath = /bin/sh;
			shellScript = "diff \"${PODS_ROOT}/../Podfile.lock\" \"${PODS_ROOT}/Manifest.lock\" > /dev/null\nif [[ $? != 0 ]] ; then\n    cat << EOM\nerror: The sandbox is not in sync with the Podfile.lock. Run 'pod install' or update your CocoaPods installation.\nEOM\n    exit 1\nfi\n";
			showEnvVarsInLog = 0;
		};
/* End PBXShellScriptBuildPhase section */

/* Begin PBXSourcesBuildPhase section */
		1BF104E91D53D54D00FE04F5 /* Sources */ = {
			isa = PBXSourcesBuildPhase;
			buildActionMask = 2147483647;
			files = (
				1BF104F31D53D54D00FE04F5 /* ViewController.swift in Sources */,
				1BF1050C1D53D91E00FE04F5 /* Secrets.swift in Sources */,
				1BF104F11D53D54D00FE04F5 /* AppDelegate.swift in Sources */,
				1BF104F91D53D54D00FE04F5 /* Granted.xcdatamodeld in Sources */,
			);
			runOnlyForDeploymentPostprocessing = 0;
		};
/* End PBXSourcesBuildPhase section */

/* Begin PBXVariantGroup section */
		1BF104F41D53D54D00FE04F5 /* Main.storyboard */ = {
			isa = PBXVariantGroup;
			children = (
				1BF104F51D53D54D00FE04F5 /* Base */,
			);
			name = Main.storyboard;
			sourceTree = "<group>";
		};
		1BF104FC1D53D54D00FE04F5 /* LaunchScreen.storyboard */ = {
			isa = PBXVariantGroup;
			children = (
				1BF104FD1D53D54D00FE04F5 /* Base */,
			);
			name = LaunchScreen.storyboard;
			sourceTree = "<group>";
		};
/* End PBXVariantGroup section */

/* Begin XCBuildConfiguration section */
		1BF105001D53D54D00FE04F5 /* Debug */ = {
			isa = XCBuildConfiguration;
			buildSettings = {
				ALWAYS_SEARCH_USER_PATHS = NO;
				CLANG_ANALYZER_NONNULL = YES;
				CLANG_CXX_LANGUAGE_STANDARD = "gnu++0x";
				CLANG_CXX_LIBRARY = "libc++";
				CLANG_ENABLE_MODULES = YES;
				CLANG_ENABLE_OBJC_ARC = YES;
				CLANG_WARN_BOOL_CONVERSION = YES;
				CLANG_WARN_CONSTANT_CONVERSION = YES;
				CLANG_WARN_DIRECT_OBJC_ISA_USAGE = YES_ERROR;
				CLANG_WARN_EMPTY_BODY = YES;
				CLANG_WARN_ENUM_CONVERSION = YES;
				CLANG_WARN_INT_CONVERSION = YES;
				CLANG_WARN_OBJC_ROOT_CLASS = YES_ERROR;
				CLANG_WARN_UNREACHABLE_CODE = YES;
				CLANG_WARN__DUPLICATE_METHOD_MATCH = YES;
				"CODE_SIGN_IDENTITY[sdk=iphoneos*]" = "iPhone Developer";
				COPY_PHASE_STRIP = NO;
				DEBUG_INFORMATION_FORMAT = dwarf;
				ENABLE_STRICT_OBJC_MSGSEND = YES;
				ENABLE_TESTABILITY = YES;
				GCC_C_LANGUAGE_STANDARD = gnu99;
				GCC_DYNAMIC_NO_PIC = NO;
				GCC_NO_COMMON_BLOCKS = YES;
				GCC_OPTIMIZATION_LEVEL = 0;
				GCC_PREPROCESSOR_DEFINITIONS = (
					"DEBUG=1",
					"$(inherited)",
				);
				GCC_WARN_64_TO_32_BIT_CONVERSION = YES;
				GCC_WARN_ABOUT_RETURN_TYPE = YES_ERROR;
				GCC_WARN_UNDECLARED_SELECTOR = YES;
				GCC_WARN_UNINITIALIZED_AUTOS = YES_AGGRESSIVE;
				GCC_WARN_UNUSED_FUNCTION = YES;
				GCC_WARN_UNUSED_VARIABLE = YES;
				IPHONEOS_DEPLOYMENT_TARGET = 9.3;
				MTL_ENABLE_DEBUG_INFO = YES;
				ONLY_ACTIVE_ARCH = YES;
				SDKROOT = iphoneos;
				SWIFT_OPTIMIZATION_LEVEL = "-Onone";
				TARGETED_DEVICE_FAMILY = "1,2";
			};
			name = Debug;
		};
		1BF105011D53D54D00FE04F5 /* Release */ = {
			isa = XCBuildConfiguration;
			buildSettings = {
				ALWAYS_SEARCH_USER_PATHS = NO;
				CLANG_ANALYZER_NONNULL = YES;
				CLANG_CXX_LANGUAGE_STANDARD = "gnu++0x";
				CLANG_CXX_LIBRARY = "libc++";
				CLANG_ENABLE_MODULES = YES;
				CLANG_ENABLE_OBJC_ARC = YES;
				CLANG_WARN_BOOL_CONVERSION = YES;
				CLANG_WARN_CONSTANT_CONVERSION = YES;
				CLANG_WARN_DIRECT_OBJC_ISA_USAGE = YES_ERROR;
				CLANG_WARN_EMPTY_BODY = YES;
				CLANG_WARN_ENUM_CONVERSION = YES;
				CLANG_WARN_INT_CONVERSION = YES;
				CLANG_WARN_OBJC_ROOT_CLASS = YES_ERROR;
				CLANG_WARN_UNREACHABLE_CODE = YES;
				CLANG_WARN__DUPLICATE_METHOD_MATCH = YES;
				"CODE_SIGN_IDENTITY[sdk=iphoneos*]" = "iPhone Developer";
				COPY_PHASE_STRIP = NO;
				DEBUG_INFORMATION_FORMAT = "dwarf-with-dsym";
				ENABLE_NS_ASSERTIONS = NO;
				ENABLE_STRICT_OBJC_MSGSEND = YES;
				GCC_C_LANGUAGE_STANDARD = gnu99;
				GCC_NO_COMMON_BLOCKS = YES;
				GCC_WARN_64_TO_32_BIT_CONVERSION = YES;
				GCC_WARN_ABOUT_RETURN_TYPE = YES_ERROR;
				GCC_WARN_UNDECLARED_SELECTOR = YES;
				GCC_WARN_UNINITIALIZED_AUTOS = YES_AGGRESSIVE;
				GCC_WARN_UNUSED_FUNCTION = YES;
				GCC_WARN_UNUSED_VARIABLE = YES;
				IPHONEOS_DEPLOYMENT_TARGET = 9.3;
				MTL_ENABLE_DEBUG_INFO = NO;
				SDKROOT = iphoneos;
				TARGETED_DEVICE_FAMILY = "1,2";
				VALIDATE_PRODUCT = YES;
			};
			name = Release;
		};
		1BF105031D53D54D00FE04F5 /* Debug */ = {
			isa = XCBuildConfiguration;
			baseConfigurationReference = 4EE641B2A04AFDAD42998F80 /* Pods-Granted.debug.xcconfig */;
			buildSettings = {
				ASSETCATALOG_COMPILER_APPICON_NAME = AppIcon;
				INFOPLIST_FILE = Granted/Info.plist;
				LD_RUNPATH_SEARCH_PATHS = "$(inherited) @executable_path/Frameworks";
				PRODUCT_BUNDLE_IDENTIFIER = com.flatironschool.Granted;
				PRODUCT_NAME = "$(TARGET_NAME)";
			};
			name = Debug;
		};
		1BF105041D53D54D00FE04F5 /* Release */ = {
			isa = XCBuildConfiguration;
			baseConfigurationReference = 695981D506D832888EF64021 /* Pods-Granted.release.xcconfig */;
			buildSettings = {
				ASSETCATALOG_COMPILER_APPICON_NAME = AppIcon;
				INFOPLIST_FILE = Granted/Info.plist;
				LD_RUNPATH_SEARCH_PATHS = "$(inherited) @executable_path/Frameworks";
				PRODUCT_BUNDLE_IDENTIFIER = com.flatironschool.Granted;
				PRODUCT_NAME = "$(TARGET_NAME)";
			};
			name = Release;
		};
/* End XCBuildConfiguration section */

/* Begin XCConfigurationList section */
		1BF104E81D53D54C00FE04F5 /* Build configuration list for PBXProject "Granted" */ = {
			isa = XCConfigurationList;
			buildConfigurations = (
				1BF105001D53D54D00FE04F5 /* Debug */,
				1BF105011D53D54D00FE04F5 /* Release */,
			);
			defaultConfigurationIsVisible = 0;
			defaultConfigurationName = Release;
		};
		1BF105021D53D54D00FE04F5 /* Build configuration list for PBXNativeTarget "Granted" */ = {
			isa = XCConfigurationList;
			buildConfigurations = (
				1BF105031D53D54D00FE04F5 /* Debug */,
				1BF105041D53D54D00FE04F5 /* Release */,
			);
			defaultConfigurationIsVisible = 0;
			defaultConfigurationName = Release;
		};
/* End XCConfigurationList section */

/* Begin XCVersionGroup section */
		1BF104F71D53D54D00FE04F5 /* Granted.xcdatamodeld */ = {
			isa = XCVersionGroup;
			children = (
				1BF104F81D53D54D00FE04F5 /* Granted.xcdatamodel */,
			);
			currentVersion = 1BF104F81D53D54D00FE04F5 /* Granted.xcdatamodel */;
			path = Granted.xcdatamodeld;
			sourceTree = "<group>";
			versionGroupType = wrapper.xcdatamodel;
		};
/* End XCVersionGroup section */
	};
	rootObject = 1BF104E51D53D54C00FE04F5 /* Project object */;
}
